
Microsoft Visual Studio Solution File, Format Version 12.00
# Visual Studio 15
VisualStudioVersion = 15.0.26430.6
MinimumVisualStudioVersion = 10.0.40219.1
Project("{2150E333-8FDC-42A3-9474-1A3956D46DE8}") = "Solution Items", "Solution Items", "{EA5CC9B9-ABE9-419C-93B7-B5EE45A67BFD}"
EndProject
Project("{2150E333-8FDC-42A3-9474-1A3956D46DE8}") = "src", "src", "{5D3DAD92-9BE0-4A89-832B-F7C3E55CDAFF}"
EndProject
Project("{9A19103F-16F7-4668-BE54-9A1E7A4F7556}") = "ToDoApp.Domain", "ToDoApp.Domain\ToDoApp.Domain.csproj", "{AAD6DEAF-575C-449C-9C93-E09DCA3BAA5D}"
EndProject
Project("{9A19103F-16F7-4668-BE54-9A1E7A4F7556}") = "TodoApp.Data", "TodoApp.Data\TodoApp.Data.csproj", "{BF5F3561-4EBE-43B3-8ED2-DFD989F3E6E1}"
EndProject
Project("{9A19103F-16F7-4668-BE54-9A1E7A4F7556}") = "ToDoApp.DomainServices", "ToDoApp.DomainServices\ToDoApp.DomainServices.csproj", "{E2FF7496-F15F-4F94-9891-16CCF771BC86}"
EndProject
Project("{9A19103F-16F7-4668-BE54-9A1E7A4F7556}") = "ToDoApp.AppServices", "ToDoApp.AppServices\ToDoApp.AppServices.csproj", "{ED5A9CFF-FEF1-4F6B-844A-4B206A8FD564}"
EndProject
Project("{9A19103F-16F7-4668-BE54-9A1E7A4F7556}") = "ToDoApp.IoC", "ToDoApp.IoC\ToDoApp.IoC.csproj", "{ADACAFB6-0340-4035-A921-2A97EB8E9658}"
EndProject
Project("{9A19103F-16F7-4668-BE54-9A1E7A4F7556}") = "ToDoApp", "ToDoApp\ToDoApp.csproj", "{D913D829-61C8-4EC3-97D4-A618DB5673DA}"
EndProject
Project("{FAE04EC0-301F-11D3-BF4B-00C04F79EFBC}") = "ToDoApp.Tests", "ToDoApp.Tests\ToDoApp.Tests.csproj", "{9E137F96-8601-40B6-BF63-CEC8E7739DCA}"
EndProject
Global
	GlobalSection(SolutionConfigurationPlatforms) = preSolution
		Debug|Any CPU = Debug|Any CPU
		Release|Any CPU = Release|Any CPU
	EndGlobalSection
	GlobalSection(ProjectConfigurationPlatforms) = postSolution
		{AAD6DEAF-575C-449C-9C93-E09DCA3BAA5D}.Debug|Any CPU.ActiveCfg = Debug|Any CPU
		{AAD6DEAF-575C-449C-9C93-E09DCA3BAA5D}.Debug|Any CPU.Build.0 = Debug|Any CPU
		{AAD6DEAF-575C-449C-9C93-E09DCA3BAA5D}.Release|Any CPU.ActiveCfg = Release|Any CPU
		{AAD6DEAF-575C-449C-9C93-E09DCA3BAA5D}.Release|Any CPU.Build.0 = Release|Any CPU
		{BF5F3561-4EBE-43B3-8ED2-DFD989F3E6E1}.Debug|Any CPU.ActiveCfg = Debug|Any CPU
		{BF5F3561-4EBE-43B3-8ED2-DFD989F3E6E1}.Debug|Any CPU.Build.0 = Debug|Any CPU
		{BF5F3561-4EBE-43B3-8ED2-DFD989F3E6E1}.Release|Any CPU.ActiveCfg = Release|Any CPU
		{BF5F3561-4EBE-43B3-8ED2-DFD989F3E6E1}.Release|Any CPU.Build.0 = Release|Any CPU
		{E2FF7496-F15F-4F94-9891-16CCF771BC86}.Debug|Any CPU.ActiveCfg = Debug|Any CPU
		{E2FF7496-F15F-4F94-9891-16CCF771BC86}.Debug|Any CPU.Build.0 = Debug|Any CPU
		{E2FF7496-F15F-4F94-9891-16CCF771BC86}.Release|Any CPU.ActiveCfg = Release|Any CPU
		{E2FF7496-F15F-4F94-9891-16CCF771BC86}.Release|Any CPU.Build.0 = Release|Any CPU
		{ED5A9CFF-FEF1-4F6B-844A-4B206A8FD564}.Debug|Any CPU.ActiveCfg = Debug|Any CPU
		{ED5A9CFF-FEF1-4F6B-844A-4B206A8FD564}.Debug|Any CPU.Build.0 = Debug|Any CPU
		{ED5A9CFF-FEF1-4F6B-844A-4B206A8FD564}.Release|Any CPU.ActiveCfg = Release|Any CPU
		{ED5A9CFF-FEF1-4F6B-844A-4B206A8FD564}.Release|Any CPU.Build.0 = Release|Any CPU
		{ADACAFB6-0340-4035-A921-2A97EB8E9658}.Debug|Any CPU.ActiveCfg = Debug|Any CPU
		{ADACAFB6-0340-4035-A921-2A97EB8E9658}.Debug|Any CPU.Build.0 = Debug|Any CPU
		{ADACAFB6-0340-4035-A921-2A97EB8E9658}.Release|Any CPU.ActiveCfg = Release|Any CPU
		{ADACAFB6-0340-4035-A921-2A97EB8E9658}.Release|Any CPU.Build.0 = Release|Any CPU
		{D913D829-61C8-4EC3-97D4-A618DB5673DA}.Debug|Any CPU.ActiveCfg = Debug|Any CPU
		{D913D829-61C8-4EC3-97D4-A618DB5673DA}.Debug|Any CPU.Build.0 = Debug|Any CPU
		{D913D829-61C8-4EC3-97D4-A618DB5673DA}.Release|Any CPU.ActiveCfg = Release|Any CPU
		{D913D829-61C8-4EC3-97D4-A618DB5673DA}.Release|Any CPU.Build.0 = Release|Any CPU
		{9E137F96-8601-40B6-BF63-CEC8E7739DCA}.Debug|Any CPU.ActiveCfg = Debug|Any CPU
		{9E137F96-8601-40B6-BF63-CEC8E7739DCA}.Debug|Any CPU.Build.0 = Debug|Any CPU
		{9E137F96-8601-40B6-BF63-CEC8E7739DCA}.Release|Any CPU.ActiveCfg = Release|Any CPU
		{9E137F96-8601-40B6-BF63-CEC8E7739DCA}.Release|Any CPU.Build.0 = Release|Any CPU
	EndGlobalSection
	GlobalSection(SolutionProperties) = preSolution
		HideSolutionNode = FALSE
	EndGlobalSection
	GlobalSection(NestedProjects) = preSolution
		{AAD6DEAF-575C-449C-9C93-E09DCA3BAA5D} = {5D3DAD92-9BE0-4A89-832B-F7C3E55CDAFF}
		{BF5F3561-4EBE-43B3-8ED2-DFD989F3E6E1} = {5D3DAD92-9BE0-4A89-832B-F7C3E55CDAFF}
		{E2FF7496-F15F-4F94-9891-16CCF771BC86} = {5D3DAD92-9BE0-4A89-832B-F7C3E55CDAFF}
		{ED5A9CFF-FEF1-4F6B-844A-4B206A8FD564} = {5D3DAD92-9BE0-4A89-832B-F7C3E55CDAFF}
		{ADACAFB6-0340-4035-A921-2A97EB8E9658} = {5D3DAD92-9BE0-4A89-832B-F7C3E55CDAFF}
		{D913D829-61C8-4EC3-97D4-A618DB5673DA} = {5D3DAD92-9BE0-4A89-832B-F7C3E55CDAFF}
		{9E137F96-8601-40B6-BF63-CEC8E7739DCA} = {5D3DAD92-9BE0-4A89-832B-F7C3E55CDAFF}
	EndGlobalSection
EndGlobal
